
Microsoft Visual Studio Solution File, Format Version 12.00
# Visual Studio Version 17
VisualStudioVersion = 17.0.31903.59
MinimumVisualStudioVersion = 10.0.40219.1
Project("{2150E333-8FDC-42A3-9474-1A3956D46DE8}") = "src", "src", "{F36BD266-CD75-4438-9BF9-CD91CDB18F2B}"
EndProject
Project("{FAE04EC0-301F-11D3-BF4B-00C04F79EFBC}") = "PaymentGateway.Api", "src\PaymentGateway.Api\PaymentGateway.Api.csproj", "{3CD9AAA2-2097-4874-9C40-FFDE26EE8E43}"
EndProject
Project("{2150E333-8FDC-42A3-9474-1A3956D46DE8}") = "test", "test", "{1EF69307-274F-458E-BBE8-4D390512A8C6}"
EndProject
Project("{FAE04EC0-301F-11D3-BF4B-00C04F79EFBC}") = "PaymentGateway.Api.Tests", "test\PaymentGateway.Api.Tests\PaymentGateway.Api.Tests.csproj", "{3A92D8D6-0359-4752-91AE-D8A59622518A}"
EndProject
Project("{2150E333-8FDC-42A3-9474-1A3956D46DE8}") = "Solution Items", "Solution Items", "{02EA681E-C7D8-13C7-8484-4AC65E1B71E8}"
	ProjectSection(SolutionItems) = preProject
		docker-compose.integration.yml = docker-compose.integration.yml
		README.md = README.md
	EndProjectSection
EndProject
Project("{2150E333-8FDC-42A3-9474-1A3956D46DE8}") = "deployment", "deployment", "{D0782D0B-749B-4349-8B22-848FB49BF4C6}"
EndProject
Project("{2150E333-8FDC-42A3-9474-1A3956D46DE8}") = ".github", ".github", "{E350B009-89C2-4AE8-83ED-6984A79BFC07}"
EndProject
Project("{2150E333-8FDC-42A3-9474-1A3956D46DE8}") = "workflows", "workflows", "{F935B418-6525-4C4D-8F25-5F868F26C718}"
	ProjectSection(SolutionItems) = preProject
		.github\workflows\ci.yml = .github\workflows\ci.yml
		.github\workflows\performance.yml = .github\workflows\performance.yml
	EndProjectSection
EndProject
Project("{2150E333-8FDC-42A3-9474-1A3956D46DE8}") = "performance", "performance", "{5CB9EF01-19BF-4EE2-9B18-C86CD7821421}"
EndProject
Project("{2150E333-8FDC-42A3-9474-1A3956D46DE8}") = "k6", "k6", "{4C02F3AF-1ACC-4981-B4D9-854B42238B37}"
	ProjectSection(SolutionItems) = preProject
		test\performance\k6\run-all.sh = test\performance\k6\run-all.sh
	EndProjectSection
EndProject
Project("{2150E333-8FDC-42A3-9474-1A3956D46DE8}") = "config", "config", "{6944C166-9492-4BA6-AE5A-A8E16B47ECC8}"
	ProjectSection(SolutionItems) = preProject
		test\performance\k6\config\options.js = test\performance\k6\config\options.js
	EndProjectSection
EndProject
Project("{2150E333-8FDC-42A3-9474-1A3956D46DE8}") = "helpers", "helpers", "{0E3D337B-3E6A-4072-A88E-7A9C36BF4B50}"
	ProjectSection(SolutionItems) = preProject
		test\performance\k6\helpers\data.js = test\performance\k6\helpers\data.js
		test\performance\k6\helpers\http.js = test\performance\k6\helpers\http.js
	EndProjectSection
EndProject
Project("{2150E333-8FDC-42A3-9474-1A3956D46DE8}") = "scenarios", "scenarios", "{E29A4D44-B33F-4050-AC72-1E2FD6FD4FC1}"
	ProjectSection(SolutionItems) = preProject
		test\performance\k6\scenarios\load.js = test\performance\k6\scenarios\load.js
		test\performance\k6\scenarios\smoke.js = test\performance\k6\scenarios\smoke.js
		test\performance\k6\scenarios\soak.js = test\performance\k6\scenarios\soak.js
		test\performance\k6\scenarios\spike.js = test\performance\k6\scenarios\spike.js
		test\performance\k6\scenarios\stress.js = test\performance\k6\scenarios\stress.js
	EndProjectSection
EndProject
Global
	GlobalSection(SolutionConfigurationPlatforms) = preSolution
		Debug|Any CPU = Debug|Any CPU
		Release|Any CPU = Release|Any CPU
	EndGlobalSection
	GlobalSection(ProjectConfigurationPlatforms) = postSolution
		{3CD9AAA2-2097-4874-9C40-FFDE26EE8E43}.Debug|Any CPU.ActiveCfg = Debug|Any CPU
		{3CD9AAA2-2097-4874-9C40-FFDE26EE8E43}.Debug|Any CPU.Build.0 = Debug|Any CPU
		{3CD9AAA2-2097-4874-9C40-FFDE26EE8E43}.Release|Any CPU.ActiveCfg = Release|Any CPU
		{3CD9AAA2-2097-4874-9C40-FFDE26EE8E43}.Release|Any CPU.Build.0 = Release|Any CPU
		{3A92D8D6-0359-4752-91AE-D8A59622518A}.Debug|Any CPU.ActiveCfg = Debug|Any CPU
		{3A92D8D6-0359-4752-91AE-D8A59622518A}.Debug|Any CPU.Build.0 = Debug|Any CPU
		{3A92D8D6-0359-4752-91AE-D8A59622518A}.Release|Any CPU.ActiveCfg = Release|Any CPU
		{3A92D8D6-0359-4752-91AE-D8A59622518A}.Release|Any CPU.Build.0 = Release|Any CPU
	EndGlobalSection
	GlobalSection(SolutionProperties) = preSolution
		HideSolutionNode = FALSE
	EndGlobalSection
	GlobalSection(NestedProjects) = preSolution
		{3CD9AAA2-2097-4874-9C40-FFDE26EE8E43} = {F36BD266-CD75-4438-9BF9-CD91CDB18F2B}
		{3A92D8D6-0359-4752-91AE-D8A59622518A} = {1EF69307-274F-458E-BBE8-4D390512A8C6}
		{D0782D0B-749B-4349-8B22-848FB49BF4C6} = {02EA681E-C7D8-13C7-8484-4AC65E1B71E8}
		{E350B009-89C2-4AE8-83ED-6984A79BFC07} = {D0782D0B-749B-4349-8B22-848FB49BF4C6}
		{F935B418-6525-4C4D-8F25-5F868F26C718} = {E350B009-89C2-4AE8-83ED-6984A79BFC07}
		{5CB9EF01-19BF-4EE2-9B18-C86CD7821421} = {1EF69307-274F-458E-BBE8-4D390512A8C6}
		{4C02F3AF-1ACC-4981-B4D9-854B42238B37} = {5CB9EF01-19BF-4EE2-9B18-C86CD7821421}
		{6944C166-9492-4BA6-AE5A-A8E16B47ECC8} = {4C02F3AF-1ACC-4981-B4D9-854B42238B37}
		{0E3D337B-3E6A-4072-A88E-7A9C36BF4B50} = {4C02F3AF-1ACC-4981-B4D9-854B42238B37}
		{E29A4D44-B33F-4050-AC72-1E2FD6FD4FC1} = {4C02F3AF-1ACC-4981-B4D9-854B42238B37}
	EndGlobalSection
	GlobalSection(ExtensibilityGlobals) = postSolution
		SolutionGuid = {E7B4B67C-5AA8-4BDF-8C72-72F15801C1BD}
	EndGlobalSection
EndGlobal
